
Microsoft Visual Studio Solution File, Format Version 12.00
# Visual Studio Version 17
VisualStudioVersion = 17.6.33712.159
MinimumVisualStudioVersion = 10.0.40219.1
Project("{888888A0-9F3D-457C-B088-3A5042F75D52}") = "prime_number", "prime_number\prime_number.pyproj", "{2884E612-7B54-43D1-B625-BA4D750C3540}"
EndProject
Global
	GlobalSection(SolutionConfigurationPlatforms) = preSolution
		Debug|Any CPU = Debug|Any CPU
		Release|Any CPU = Release|Any CPU
	EndGlobalSection
	GlobalSection(ProjectConfigurationPlatforms) = postSolution
		{2884E612-7B54-43D1-B625-BA4D750C3540}.Debug|Any CPU.ActiveCfg = Debug|Any CPU
		{2884E612-7B54-43D1-B625-BA4D750C3540}.Release|Any CPU.ActiveCfg = Release|Any CPU
	EndGlobalSection
	GlobalSection(SolutionProperties) = preSolution
		HideSolutionNode = FALSE
	EndGlobalSection
	GlobalSection(ExtensibilityGlobals) = postSolution
		SolutionGuid = {16678357-8030-421C-A745-65D3A921AD23}
	EndGlobalSection
EndGlobal
